// !$*UTF8*$!
{
	archiveVersion = 1;
	classes = {
	};
	objectVersion = 56;
	objects = {

/* Begin PBXBuildFile section */
		AC0C42A82B6BCDE7000156BA /* ScriptingBridge.framework in Frameworks */ = {isa = PBXBuildFile; fileRef = AC53A5042B6BB39500DBFE08 /* ScriptingBridge.framework */; };
		AC53A4F52B6BB11300DBFE08 /* CompoteApp.swift in Sources */ = {isa = PBXBuildFile; fileRef = AC53A4F42B6BB11300DBFE08 /* CompoteApp.swift */; };
		AC53A4F72B6BB11300DBFE08 /* ContentView.swift in Sources */ = {isa = PBXBuildFile; fileRef = AC53A4F62B6BB11300DBFE08 /* ContentView.swift */; };
		AC53A4F92B6BB11400DBFE08 /* Assets.xcassets in Resources */ = {isa = PBXBuildFile; fileRef = AC53A4F82B6BB11400DBFE08 /* Assets.xcassets */; };
		AC53A4FC2B6BB11400DBFE08 /* Preview Assets.xcassets in Resources */ = {isa = PBXBuildFile; fileRef = AC53A4FB2B6BB11400DBFE08 /* Preview Assets.xcassets */; };
		ACB1E1482B97B351004C8BBF /* NotesViewModel.swift in Sources */ = {isa = PBXBuildFile; fileRef = ACB1E1472B97B351004C8BBF /* NotesViewModel.swift */; };
		ACB1E14B2B9C6421004C8BBF /* FetchNotes.scpt in Resources */ = {isa = PBXBuildFile; fileRef = ACB1E14A2B9C6421004C8BBF /* FetchNotes.scpt */; };
		ACB1E14D2B9DB4FD004C8BBF /* AppDelegate.swift in Sources */ = {isa = PBXBuildFile; fileRef = ACB1E14C2B9DB4FD004C8BBF /* AppDelegate.swift */; };
		ACB1E14F2B9DB691004C8BBF /* PreferencesView.swift in Sources */ = {isa = PBXBuildFile; fileRef = ACB1E14E2B9DB691004C8BBF /* PreferencesView.swift */; };
/* End PBXBuildFile section */

/* Begin PBXFileReference section */
		AC53A4F12B6BB11300DBFE08 /* Compote.app */ = {isa = PBXFileReference; explicitFileType = wrapper.application; includeInIndex = 0; path = Compote.app; sourceTree = BUILT_PRODUCTS_DIR; };
		AC53A4F42B6BB11300DBFE08 /* CompoteApp.swift */ = {isa = PBXFileReference; lastKnownFileType = sourcecode.swift; path = CompoteApp.swift; sourceTree = "<group>"; };
		AC53A4F62B6BB11300DBFE08 /* ContentView.swift */ = {isa = PBXFileReference; lastKnownFileType = sourcecode.swift; path = ContentView.swift; sourceTree = "<group>"; };
		AC53A4F82B6BB11400DBFE08 /* Assets.xcassets */ = {isa = PBXFileReference; lastKnownFileType = folder.assetcatalog; path = Assets.xcassets; sourceTree = "<group>"; };
		AC53A4FB2B6BB11400DBFE08 /* Preview Assets.xcassets */ = {isa = PBXFileReference; lastKnownFileType = folder.assetcatalog; path = "Preview Assets.xcassets"; sourceTree = "<group>"; };
		AC53A4FD2B6BB11400DBFE08 /* Compote.entitlements */ = {isa = PBXFileReference; lastKnownFileType = text.plist.entitlements; path = Compote.entitlements; sourceTree = "<group>"; };
		AC53A5042B6BB39500DBFE08 /* ScriptingBridge.framework */ = {isa = PBXFileReference; lastKnownFileType = wrapper.framework; name = ScriptingBridge.framework; path = System/Library/Frameworks/ScriptingBridge.framework; sourceTree = SDKROOT; };
		ACB1E1472B97B351004C8BBF /* NotesViewModel.swift */ = {isa = PBXFileReference; lastKnownFileType = sourcecode.swift; path = NotesViewModel.swift; sourceTree = "<group>"; };
		ACB1E14A2B9C6421004C8BBF /* FetchNotes.scpt */ = {isa = PBXFileReference; lastKnownFileType = text; path = FetchNotes.scpt; sourceTree = "<group>"; };
		ACB1E14C2B9DB4FD004C8BBF /* AppDelegate.swift */ = {isa = PBXFileReference; lastKnownFileType = sourcecode.swift; path = AppDelegate.swift; sourceTree = "<group>"; };
		ACB1E14E2B9DB691004C8BBF /* PreferencesView.swift */ = {isa = PBXFileReference; lastKnownFileType = sourcecode.swift; path = PreferencesView.swift; sourceTree = "<group>"; };
/* End PBXFileReference section */

/* Begin PBXFrameworksBuildPhase section */
		AC53A4EE2B6BB11300DBFE08 /* Frameworks */ = {
			isa = PBXFrameworksBuildPhase;
			buildActionMask = 2147483647;
			files = (
				AC0C42A82B6BCDE7000156BA /* ScriptingBridge.framework in Frameworks */,
			);
			runOnlyForDeploymentPostprocessing = 0;
		};
/* End PBXFrameworksBuildPhase section */

/* Begin PBXGroup section */
		AC53A4E82B6BB11300DBFE08 = {
			isa = PBXGroup;
			children = (
				AC53A4F32B6BB11300DBFE08 /* Compote */,
				AC53A4F22B6BB11300DBFE08 /* Products */,
				AC53A5032B6BB39400DBFE08 /* Frameworks */,
			);
			sourceTree = "<group>";
		};
		AC53A4F22B6BB11300DBFE08 /* Products */ = {
			isa = PBXGroup;
			children = (
				AC53A4F12B6BB11300DBFE08 /* Compote.app */,
			);
			name = Products;
			sourceTree = "<group>";
		};
		AC53A4F32B6BB11300DBFE08 /* Compote */ = {
			isa = PBXGroup;
			children = (
				ACB1E1492B9C6411004C8BBF /* Scripts */,
				AC53A4F42B6BB11300DBFE08 /* CompoteApp.swift */,
				ACB1E1472B97B351004C8BBF /* NotesViewModel.swift */,
				ACB1E14C2B9DB4FD004C8BBF /* AppDelegate.swift */,
				ACB1E14E2B9DB691004C8BBF /* PreferencesView.swift */,
				AC53A4F62B6BB11300DBFE08 /* ContentView.swift */,
				AC53A4F82B6BB11400DBFE08 /* Assets.xcassets */,
				AC53A4FD2B6BB11400DBFE08 /* Compote.entitlements */,
				AC53A4FA2B6BB11400DBFE08 /* Preview Content */,
			);
			path = Compote;
			sourceTree = "<group>";
		};
		AC53A4FA2B6BB11400DBFE08 /* Preview Content */ = {
			isa = PBXGroup;
			children = (
				AC53A4FB2B6BB11400DBFE08 /* Preview Assets.xcassets */,
			);
			path = "Preview Content";
			sourceTree = "<group>";
		};
		AC53A5032B6BB39400DBFE08 /* Frameworks */ = {
			isa = PBXGroup;
			children = (
				AC53A5042B6BB39500DBFE08 /* ScriptingBridge.framework */,
			);
			name = Frameworks;
			sourceTree = "<group>";
		};
		ACB1E1492B9C6411004C8BBF /* Scripts */ = {
			isa = PBXGroup;
			children = (
				ACB1E14A2B9C6421004C8BBF /* FetchNotes.scpt */,
			);
			path = Scripts;
			sourceTree = "<group>";
		};
/* End PBXGroup section */

/* Begin PBXNativeTarget section */
		AC53A4F02B6BB11300DBFE08 /* Compote */ = {
			isa = PBXNativeTarget;
			buildConfigurationList = AC53A5002B6BB11400DBFE08 /* Build configuration list for PBXNativeTarget "Compote" */;
			buildPhases = (
				AC53A4ED2B6BB11300DBFE08 /* Sources */,
				AC53A4EE2B6BB11300DBFE08 /* Frameworks */,
				AC53A4EF2B6BB11300DBFE08 /* Resources */,
			);
			buildRules = (
			);
			dependencies = (
			);
			name = Compote;
			productName = Compote;
			productReference = AC53A4F12B6BB11300DBFE08 /* Compote.app */;
			productType = "com.apple.product-type.application";
		};
/* End PBXNativeTarget section */

/* Begin PBXProject section */
		AC53A4E92B6BB11300DBFE08 /* Project object */ = {
			isa = PBXProject;
			attributes = {
				BuildIndependentTargetsInParallel = 1;
				LastSwiftUpdateCheck = 1520;
				LastUpgradeCheck = 1520;
				TargetAttributes = {
					AC53A4F02B6BB11300DBFE08 = {
						CreatedOnToolsVersion = 15.2;
					};
				};
			};
			buildConfigurationList = AC53A4EC2B6BB11300DBFE08 /* Build configuration list for PBXProject "Compote" */;
			compatibilityVersion = "Xcode 14.0";
			developmentRegion = en;
			hasScannedForEncodings = 0;
			knownRegions = (
				en,
				Base,
			);
			mainGroup = AC53A4E82B6BB11300DBFE08;
			productRefGroup = AC53A4F22B6BB11300DBFE08 /* Products */;
			projectDirPath = "";
			projectRoot = "";
			targets = (
				AC53A4F02B6BB11300DBFE08 /* Compote */,
			);
		};
/* End PBXProject section */

/* Begin PBXResourcesBuildPhase section */
		AC53A4EF2B6BB11300DBFE08 /* Resources */ = {
			isa = PBXResourcesBuildPhase;
			buildActionMask = 2147483647;
			files = (
				AC53A4FC2B6BB11400DBFE08 /* Preview Assets.xcassets in Resources */,
				AC53A4F92B6BB11400DBFE08 /* Assets.xcassets in Resources */,
				ACB1E14B2B9C6421004C8BBF /* FetchNotes.scpt in Resources */,
			);
			runOnlyForDeploymentPostprocessing = 0;
		};
/* End PBXResourcesBuildPhase section */

/* Begin PBXSourcesBuildPhase section */
		AC53A4ED2B6BB11300DBFE08 /* Sources */ = {
			isa = PBXSourcesBuildPhase;
			buildActionMask = 2147483647;
			files = (
				ACB1E14F2B9DB691004C8BBF /* PreferencesView.swift in Sources */,
				ACB1E14D2B9DB4FD004C8BBF /* AppDelegate.swift in Sources */,
				AC53A4F72B6BB11300DBFE08 /* ContentView.swift in Sources */,
				AC53A4F52B6BB11300DBFE08 /* CompoteApp.swift in Sources */,
				ACB1E1482B97B351004C8BBF /* NotesViewModel.swift in Sources */,
			);
			runOnlyForDeploymentPostprocessing = 0;
		};
/* End PBXSourcesBuildPhase section */

/* Begin XCBuildConfiguration section */
		AC53A4FE2B6BB11400DBFE08 /* Debug */ = {
			isa = XCBuildConfiguration;
			buildSettings = {
				ALWAYS_SEARCH_USER_PATHS = NO;
				ASSETCATALOG_COMPILER_GENERATE_SWIFT_ASSET_SYMBOL_EXTENSIONS = YES;
				CLANG_ANALYZER_NONNULL = YES;
				CLANG_ANALYZER_NUMBER_OBJECT_CONVERSION = YES_AGGRESSIVE;
				CLANG_CXX_LANGUAGE_STANDARD = "gnu++20";
				CLANG_ENABLE_MODULES = YES;
				CLANG_ENABLE_OBJC_ARC = YES;
				CLANG_ENABLE_OBJC_WEAK = YES;
				CLANG_WARN_BLOCK_CAPTURE_AUTORELEASING = YES;
				CLANG_WARN_BOOL_CONVERSION = YES;
				CLANG_WARN_COMMA = YES;
				CLANG_WARN_CONSTANT_CONVERSION = YES;
				CLANG_WARN_DEPRECATED_OBJC_IMPLEMENTATIONS = YES;
				CLANG_WARN_DIRECT_OBJC_ISA_USAGE = YES_ERROR;
				CLANG_WARN_DOCUMENTATION_COMMENTS = YES;
				CLANG_WARN_EMPTY_BODY = YES;
				CLANG_WARN_ENUM_CONVERSION = YES;
				CLANG_WARN_INFINITE_RECURSION = YES;
				CLANG_WARN_INT_CONVERSION = YES;
				CLANG_WARN_NON_LITERAL_NULL_CONVERSION = YES;
				CLANG_WARN_OBJC_IMPLICIT_RETAIN_SELF = YES;
				CLANG_WARN_OBJC_LITERAL_CONVERSION = YES;
				CLANG_WARN_OBJC_ROOT_CLASS = YES_ERROR;
				CLANG_WARN_QUOTED_INCLUDE_IN_FRAMEWORK_HEADER = YES;
				CLANG_WARN_RANGE_LOOP_ANALYSIS = YES;
				CLANG_WARN_STRICT_PROTOTYPES = YES;
				CLANG_WARN_SUSPICIOUS_MOVE = YES;
				CLANG_WARN_UNGUARDED_AVAILABILITY = YES_AGGRESSIVE;
				CLANG_WARN_UNREACHABLE_CODE = YES;
				CLANG_WARN__DUPLICATE_METHOD_MATCH = YES;
				COPY_PHASE_STRIP = NO;
				DEBUG_INFORMATION_FORMAT = dwarf;
				ENABLE_STRICT_OBJC_MSGSEND = YES;
				ENABLE_TESTABILITY = YES;
				ENABLE_USER_SCRIPT_SANDBOXING = YES;
				GCC_C_LANGUAGE_STANDARD = gnu17;
				GCC_DYNAMIC_NO_PIC = NO;
				GCC_NO_COMMON_BLOCKS = YES;
				GCC_OPTIMIZATION_LEVEL = 0;
				GCC_PREPROCESSOR_DEFINITIONS = (
					"DEBUG=1",
					"$(inherited)",
				);
				GCC_WARN_64_TO_32_BIT_CONVERSION = YES;
				GCC_WARN_ABOUT_RETURN_TYPE = YES_ERROR;
				GCC_WARN_UNDECLARED_SELECTOR = YES;
				GCC_WARN_UNINITIALIZED_AUTOS = YES_AGGRESSIVE;
				GCC_WARN_UNUSED_FUNCTION = YES;
				GCC_WARN_UNUSED_VARIABLE = YES;
				LOCALIZATION_PREFERS_STRING_CATALOGS = YES;
				MACOSX_DEPLOYMENT_TARGET = 14.2;
				MTL_ENABLE_DEBUG_INFO = INCLUDE_SOURCE;
				MTL_FAST_MATH = YES;
				ONLY_ACTIVE_ARCH = YES;
				SDKROOT = macosx;
				SWIFT_ACTIVE_COMPILATION_CONDITIONS = "DEBUG $(inherited)";
				SWIFT_OBJC_BRIDGING_HEADER = "";
				SWIFT_OPTIMIZATION_LEVEL = "-Onone";
			};
			name = Debug;
		};
		AC53A4FF2B6BB11400DBFE08 /* Release */ = {
			isa = XCBuildConfiguration;
			buildSettings = {
				ALWAYS_SEARCH_USER_PATHS = NO;
				ASSETCATALOG_COMPILER_GENERATE_SWIFT_ASSET_SYMBOL_EXTENSIONS = YES;
				CLANG_ANALYZER_NONNULL = YES;
				CLANG_ANALYZER_NUMBER_OBJECT_CONVERSION = YES_AGGRESSIVE;
				CLANG_CXX_LANGUAGE_STANDARD = "gnu++20";
				CLANG_ENABLE_MODULES = YES;
				CLANG_ENABLE_OBJC_ARC = YES;
				CLANG_ENABLE_OBJC_WEAK = YES;
				CLANG_WARN_BLOCK_CAPTURE_AUTORELEASING = YES;
				CLANG_WARN_BOOL_CONVERSION = YES;
				CLANG_WARN_COMMA = YES;
				CLANG_WARN_CONSTANT_CONVERSION = YES;
				CLANG_WARN_DEPRECATED_OBJC_IMPLEMENTATIONS = YES;
				CLANG_WARN_DIRECT_OBJC_ISA_USAGE = YES_ERROR;
				CLANG_WARN_DOCUMENTATION_COMMENTS = YES;
				CLANG_WARN_EMPTY_BODY = YES;
				CLANG_WARN_ENUM_CONVERSION = YES;
				CLANG_WARN_INFINITE_RECURSION = YES;
				CLANG_WARN_INT_CONVERSION = YES;
				CLANG_WARN_NON_LITERAL_NULL_CONVERSION = YES;
				CLANG_WARN_OBJC_IMPLICIT_RETAIN_SELF = YES;
				CLANG_WARN_OBJC_LITERAL_CONVERSION = YES;
				CLANG_WARN_OBJC_ROOT_CLASS = YES_ERROR;
				CLANG_WARN_QUOTED_INCLUDE_IN_FRAMEWORK_HEADER = YES;
				CLANG_WARN_RANGE_LOOP_ANALYSIS = YES;
				CLANG_WARN_STRICT_PROTOTYPES = YES;
				CLANG_WARN_SUSPICIOUS_MOVE = YES;
				CLANG_WARN_UNGUARDED_AVAILABILITY = YES_AGGRESSIVE;
				CLANG_WARN_UNREACHABLE_CODE = YES;
				CLANG_WARN__DUPLICATE_METHOD_MATCH = YES;
				COPY_PHASE_STRIP = NO;
				DEBUG_INFORMATION_FORMAT = "dwarf-with-dsym";
				ENABLE_NS_ASSERTIONS = NO;
				ENABLE_STRICT_OBJC_MSGSEND = YES;
				ENABLE_USER_SCRIPT_SANDBOXING = YES;
				GCC_C_LANGUAGE_STANDARD = gnu17;
				GCC_NO_COMMON_BLOCKS = YES;
				GCC_WARN_64_TO_32_BIT_CONVERSION = YES;
				GCC_WARN_ABOUT_RETURN_TYPE = YES_ERROR;
				GCC_WARN_UNDECLARED_SELECTOR = YES;
				GCC_WARN_UNINITIALIZED_AUTOS = YES_AGGRESSIVE;
				GCC_WARN_UNUSED_FUNCTION = YES;
				GCC_WARN_UNUSED_VARIABLE = YES;
				LOCALIZATION_PREFERS_STRING_CATALOGS = YES;
				MACOSX_DEPLOYMENT_TARGET = 14.2;
				MTL_ENABLE_DEBUG_INFO = NO;
				MTL_FAST_MATH = YES;
				SDKROOT = macosx;
				SWIFT_COMPILATION_MODE = wholemodule;
				SWIFT_OBJC_BRIDGING_HEADER = "";
			};
			name = Release;
		};
		AC53A5012B6BB11400DBFE08 /* Debug */ = {
			isa = XCBuildConfiguration;
			buildSettings = {
				ASSETCATALOG_COMPILER_APPICON_NAME = AppIcon;
				ASSETCATALOG_COMPILER_GLOBAL_ACCENT_COLOR_NAME = AccentColor;
				CODE_SIGN_ENTITLEMENTS = Compote/Compote.entitlements;
				CODE_SIGN_STYLE = Automatic;
				COMBINE_HIDPI_IMAGES = YES;
				CURRENT_PROJECT_VERSION = 1;
				DEVELOPMENT_ASSET_PATHS = "\"Compote/Preview Content\"";
				DEVELOPMENT_TEAM = PGJUHWT96G;
				ENABLE_HARDENED_RUNTIME = YES;
				ENABLE_PREVIEWS = YES;
				GENERATE_INFOPLIST_FILE = YES;
				INFOPLIST_KEY_NSAppleEventsUsageDescription = "Need to access Notes";
				INFOPLIST_KEY_NSHumanReadableCopyright = "";
				LD_RUNPATH_SEARCH_PATHS = (
					"$(inherited)",
					"@executable_path/../Frameworks",
				);
				MARKETING_VERSION = 1.0;
				PRODUCT_BUNDLE_IDENTIFIER = "dev.james-martin.Compote";
				PRODUCT_NAME = "$(TARGET_NAME)";
				SWIFT_EMIT_LOC_STRINGS = YES;
				SWIFT_VERSION = 5.0;
			};
			name = Debug;
		};
		AC53A5022B6BB11400DBFE08 /* Release */ = {
			isa = XCBuildConfiguration;
			buildSettings = {
				ASSETCATALOG_COMPILER_APPICON_NAME = AppIcon;
				ASSETCATALOG_COMPILER_GLOBAL_ACCENT_COLOR_NAME = AccentColor;
				CODE_SIGN_ENTITLEMENTS = Compote/Compote.entitlements;
				CODE_SIGN_STYLE = Automatic;
				COMBINE_HIDPI_IMAGES = YES;
				CURRENT_PROJECT_VERSION = 1;
				DEVELOPMENT_ASSET_PATHS = "\"Compote/Preview Content\"";
				DEVELOPMENT_TEAM = PGJUHWT96G;
				ENABLE_HARDENED_RUNTIME = YES;
				ENABLE_PREVIEWS = YES;
				GENERATE_INFOPLIST_FILE = YES;
				INFOPLIST_KEY_NSAppleEventsUsageDescription = "Need to access Notes";
				INFOPLIST_KEY_NSHumanReadableCopyright = "";
				LD_RUNPATH_SEARCH_PATHS = (
					"$(inherited)",
					"@executable_path/../Frameworks",
				);
				MARKETING_VERSION = 1.0;
				PRODUCT_BUNDLE_IDENTIFIER = "dev.james-martin.Compote";
				PRODUCT_NAME = "$(TARGET_NAME)";
				SWIFT_EMIT_LOC_STRINGS = YES;
				SWIFT_VERSION = 5.0;
			};
			name = Release;
		};
/* End XCBuildConfiguration section */

/* Begin XCConfigurationList section */
		AC53A4EC2B6BB11300DBFE08 /* Build configuration list for PBXProject "Compote" */ = {
			isa = XCConfigurationList;
			buildConfigurations = (
				AC53A4FE2B6BB11400DBFE08 /* Debug */,
				AC53A4FF2B6BB11400DBFE08 /* Release */,
			);
			defaultConfigurationIsVisible = 0;
			defaultConfigurationName = Release;
		};
		AC53A5002B6BB11400DBFE08 /* Build configuration list for PBXNativeTarget "Compote" */ = {
			isa = XCConfigurationList;
			buildConfigurations = (
				AC53A5012B6BB11400DBFE08 /* Debug */,
				AC53A5022B6BB11400DBFE08 /* Release */,
			);
			defaultConfigurationIsVisible = 0;
			defaultConfigurationName = Release;
		};
/* End XCConfigurationList section */
	};
	rootObject = AC53A4E92B6BB11300DBFE08 /* Project object */;
}
